
Microsoft Visual Studio Solution File, Format Version 12.00
# Visual Studio 15
VisualStudioVersion = 15.0.28307.271
MinimumVisualStudioVersion = 10.0.40219.1
Project("{FAE04EC0-301F-11D3-BF4B-00C04F79EFBC}") = "ICT713-Lab2-LoganFidler", "ICT713-Lab2-LoganFidler\ICT713-Lab2-LoganFidler.csproj", "{50DD037C-B707-48C4-AEF3-A1953DAF0A19}"
EndProject
Global
	GlobalSection(SolutionConfigurationPlatforms) = preSolution
		Debug|Any CPU = Debug|Any CPU
		Release|Any CPU = Release|Any CPU
	EndGlobalSection
	GlobalSection(ProjectConfigurationPlatforms) = postSolution
		{50DD037C-B707-48C4-AEF3-A1953DAF0A19}.Debug|Any CPU.ActiveCfg = Debug|Any CPU
		{50DD037C-B707-48C4-AEF3-A1953DAF0A19}.Debug|Any CPU.Build.0 = Debug|Any CPU
		{50DD037C-B707-48C4-AEF3-A1953DAF0A19}.Release|Any CPU.ActiveCfg = Release|Any CPU
		{50DD037C-B707-48C4-AEF3-A1953DAF0A19}.Release|Any CPU.Build.0 = Release|Any CPU
	EndGlobalSection
	GlobalSection(SolutionProperties) = preSolution
		HideSolutionNode = FALSE
	EndGlobalSection
	GlobalSection(ExtensibilityGlobals) = postSolution
		SolutionGuid = {3EE6DE94-3BD1-49AA-97E9-82FC173BBD25}
	EndGlobalSection
EndGlobal
